
Microsoft Visual Studio Solution File, Format Version 12.00
# Visual Studio Version 16
VisualStudioVersion = 16.0.33927.289
MinimumVisualStudioVersion = 10.0.40219.1
Project("{2150E333-8FDC-42A3-9474-1A3956D46DE8}") = "Task0", "Task0", "{B3530AEE-9F5F-46D4-A12C-5AB6DFA01399}"
EndProject
Project("{FAE04EC0-301F-11D3-BF4B-00C04F79EFBC}") = "Tyuiu.MedvedevKA.Sprint1.Task0.V14", "Tyuiu.MedvedevKA.Sprint1.Task0.V14\Tyuiu.MedvedevKA.Sprint1.Task0.V14.csproj", "{025B85D5-81FB-400A-9025-D93075846093}"
EndProject
Project("{FAE04EC0-301F-11D3-BF4B-00C04F79EFBC}") = "Tyuiu.MedvedevKA.Sprint1.Task0.V14.Lib", "Tyuiu.MedvedevKA.Sprint1.Task0.V14.Lib\Tyuiu.MedvedevKA.Sprint1.Task0.V14.Lib.csproj", "{2348E4B3-70CC-4A9C-BBAE-281446BA0525}"
EndProject
Project("{FAE04EC0-301F-11D3-BF4B-00C04F79EFBC}") = "Tyuiu.MedvedevKA.Sprint1.Task0.V14.Test", "Tyuiu.MedvedevKA.Sprint1.Task0.V14.Test\Tyuiu.MedvedevKA.Sprint1.Task0.V14.Test.csproj", "{9517BA98-9974-46FE-A316-37F65E1D7EF4}"
EndProject
Project("{2150E333-8FDC-42A3-9474-1A3956D46DE8}") = "Task1", "Task1", "{760D8B41-AACC-4CA6-8E98-9E79CE78CBE5}"
EndProject
Project("{FAE04EC0-301F-11D3-BF4B-00C04F79EFBC}") = "Tyuiu.MedvedevKA.Sprint1.Task1.V24", "Tyuiu.MedvedevKA.Sprint1.Task1.V24\Tyuiu.MedvedevKA.Sprint1.Task1.V24.csproj", "{42F87692-0BFD-4305-BF41-6CFCB031FDDE}"
EndProject
Project("{FAE04EC0-301F-11D3-BF4B-00C04F79EFBC}") = "Tyuiu.MedvedevKA.Sprint1.Task1.V24.Lib", "Tyuiu.MedvedevKA.Sprint1.Task1.V24.Lib\Tyuiu.MedvedevKA.Sprint1.Task1.V24.Lib.csproj", "{90EEAD83-D4BA-4960-B0E5-C5B36B96E149}"
EndProject
Project("{FAE04EC0-301F-11D3-BF4B-00C04F79EFBC}") = "Tyuiu.MedvedevKA.Sprint1.Task1.V24.Test", "Tyuiu.MedvedevKA.Sprint1.Task1.V24.Test\Tyuiu.MedvedevKA.Sprint1.Task1.V24.Test.csproj", "{667D5BE9-6505-489E-A992-D6DB8727AAF7}"
EndProject
Project("{2150E333-8FDC-42A3-9474-1A3956D46DE8}") = "Task2", "Task2", "{439C8866-5121-45EE-A88B-79535D925BA2}"
EndProject
Project("{FAE04EC0-301F-11D3-BF4B-00C04F79EFBC}") = "Tyuiu.MedvedevKA.Sprint1.Task2.V4", "Tyuiu.MedvedevKA.Sprint1.Task2.V4\Tyuiu.MedvedevKA.Sprint1.Task2.V4.csproj", "{81D554CC-DFE1-41D7-ADA0-10F280E80FB2}"
EndProject
Project("{FAE04EC0-301F-11D3-BF4B-00C04F79EFBC}") = "Tyuiu.MedvedevKA.Sprint1.Task2.V4.Lib", "Tyuiu.MedvedevKA.Sprint1.Task2.V4.Lib\Tyuiu.MedvedevKA.Sprint1.Task2.V4.Lib.csproj", "{8D94F7B5-A1A7-4169-9236-C23EE5984916}"
EndProject
Project("{FAE04EC0-301F-11D3-BF4B-00C04F79EFBC}") = "Tyuiu.MedvedevKA.Sprint1.Task2.V4.Test", "Tyuiu.MedvedevKA.Sprint1.Task2.V4.Test\Tyuiu.MedvedevKA.Sprint1.Task2.V4.Test.csproj", "{E9246BAE-87C6-489E-8FF6-F9D336898204}"
EndProject
Project("{2150E333-8FDC-42A3-9474-1A3956D46DE8}") = "Task3", "Task3", "{96CB3596-3B94-4CDC-96BB-0D968BE9EC3F}"
EndProject
Project("{FAE04EC0-301F-11D3-BF4B-00C04F79EFBC}") = "Tyuiu.MedvedevKA.Sprint1.Task3.V19", "Tyuiu.MedvedevKA.Sprint1.Task3.V19\Tyuiu.MedvedevKA.Sprint1.Task3.V19.csproj", "{A5CC6C79-2C78-479C-8564-85683FBFC059}"
EndProject
Project("{FAE04EC0-301F-11D3-BF4B-00C04F79EFBC}") = "Tyuiu.MedvedevKA.Sprint1.Task3.V19.Lib", "Tyuiu.MedvedevKA.Sprint1.Task3.V19.Lib\Tyuiu.MedvedevKA.Sprint1.Task3.V19.Lib.csproj", "{A3454F96-3365-4D9D-BD18-F55CB3EFFC28}"
EndProject
Project("{FAE04EC0-301F-11D3-BF4B-00C04F79EFBC}") = "Tyuiu.MedvedevKA.Sprint1.Task3.V19.Test", "Tyuiu.MedvedevKA.Sprint1.Task3.V19.Test\Tyuiu.MedvedevKA.Sprint1.Task3.V19.Test.csproj", "{5D817FEC-9D9B-4D03-A346-090E24CBDAAB}"
EndProject
Project("{2150E333-8FDC-42A3-9474-1A3956D46DE8}") = "Task4", "Task4", "{E9FD1B5B-23F3-439E-B7D6-53CF6DBA610E}"
EndProject
Project("{FAE04EC0-301F-11D3-BF4B-00C04F79EFBC}") = "Tyuiu.MedvedevKA.Sprint1.Task4.V4", "Tyuiu.MedvedevKA.Sprint1.Task4.V4\Tyuiu.MedvedevKA.Sprint1.Task4.V4.csproj", "{E660D505-BF0F-4BDF-AC3B-E6CFC68FFFD4}"
EndProject
Project("{FAE04EC0-301F-11D3-BF4B-00C04F79EFBC}") = "Tyuiu.MedvedevKA.Sprint1.Task4.V4.Lib", "Tyuiu.MedvedevKA.Sprint1.Task4.V4.Lib\Tyuiu.MedvedevKA.Sprint1.Task4.V4.Lib.csproj", "{AAA32599-7C8D-492A-82C3-E9FC7A1B71FB}"
EndProject
Project("{FAE04EC0-301F-11D3-BF4B-00C04F79EFBC}") = "Tyuiu.MedvedevKA.Sprint1.Task4.V4.Test", "Tyuiu.MedvedevKA.Sprint1.Task4.V4.Test\Tyuiu.MedvedevKA.Sprint1.Task4.V4.Test.csproj", "{9280A4C2-2ABE-4D87-84F2-7902220B04C5}"
EndProject
Project("{2150E333-8FDC-42A3-9474-1A3956D46DE8}") = "Task5", "Task5", "{3ABEE9C7-21F2-4BFF-9A58-F98AC96C8860}"
EndProject
Project("{FAE04EC0-301F-11D3-BF4B-00C04F79EFBC}") = "Tyuiu.MedvedevKA.Sprint1.Task5.V4", "Tyuiu.MedvedevKA.Sprint1.Task5.V4\Tyuiu.MedvedevKA.Sprint1.Task5.V4.csproj", "{B6EFF5D0-1F9F-4900-B703-D3571961C0F6}"
EndProject
Project("{FAE04EC0-301F-11D3-BF4B-00C04F79EFBC}") = "Tyuiu.MedvedevKA.Sprint1.Task5.V4.Lib", "Tyuiu.MedvedevKA.Sprint1.Task5.V4.Lib\Tyuiu.MedvedevKA.Sprint1.Task5.V4.Lib.csproj", "{9F91C2AF-58A4-437C-81FE-60458B1345E9}"
EndProject
Project("{FAE04EC0-301F-11D3-BF4B-00C04F79EFBC}") = "Tyuiu.MedvedevKA.Sprint1.Task5.V4.Test", "Tyuiu.MedvedevKA.Sprint1.Task5.V4.Test\Tyuiu.MedvedevKA.Sprint1.Task5.V4.Test.csproj", "{9090D981-3470-47A3-B43C-EFCDEA39AA83}"
EndProject
Project("{2150E333-8FDC-42A3-9474-1A3956D46DE8}") = "Task6", "Task6", "{FD7DCC22-3E31-47C0-949B-F90E1586C1FF}"
EndProject
Project("{FAE04EC0-301F-11D3-BF4B-00C04F79EFBC}") = "Tyuiu.MedvedevKA.Sprint1.Task6.V18", "Tyuiu.MedvedevKA.Sprint1.Task6.V18\Tyuiu.MedvedevKA.Sprint1.Task6.V18.csproj", "{84375A09-613D-410A-9D14-3BCFC753D71F}"
EndProject
Project("{FAE04EC0-301F-11D3-BF4B-00C04F79EFBC}") = "Tyuiu.MedvedevKA.Sprint1.Task6.V18.Lib", "Tyuiu.MedvedevKA.Sprint1.Task6.V18.Lib\Tyuiu.MedvedevKA.Sprint1.Task6.V18.Lib.csproj", "{3BD0263F-966F-4F5F-B8A8-5C652BAFC578}"
EndProject
Project("{FAE04EC0-301F-11D3-BF4B-00C04F79EFBC}") = "Tyuiu.MedvedevKA.Sprint1.Task6.V18.Test", "Tyuiu.MedvedevKA.Sprint1.Task6.V18.Test\Tyuiu.MedvedevKA.Sprint1.Task6.V18.Test.csproj", "{FCF9B936-B4E0-42A1-9081-0DC2A2DA711C}"
EndProject
Global
	GlobalSection(SolutionConfigurationPlatforms) = preSolution
		Debug|Any CPU = Debug|Any CPU
		Release|Any CPU = Release|Any CPU
	EndGlobalSection
	GlobalSection(ProjectConfigurationPlatforms) = postSolution
		{025B85D5-81FB-400A-9025-D93075846093}.Debug|Any CPU.ActiveCfg = Debug|Any CPU
		{025B85D5-81FB-400A-9025-D93075846093}.Debug|Any CPU.Build.0 = Debug|Any CPU
		{025B85D5-81FB-400A-9025-D93075846093}.Release|Any CPU.ActiveCfg = Release|Any CPU
		{025B85D5-81FB-400A-9025-D93075846093}.Release|Any CPU.Build.0 = Release|Any CPU
		{2348E4B3-70CC-4A9C-BBAE-281446BA0525}.Debug|Any CPU.ActiveCfg = Debug|Any CPU
		{2348E4B3-70CC-4A9C-BBAE-281446BA0525}.Debug|Any CPU.Build.0 = Debug|Any CPU
		{2348E4B3-70CC-4A9C-BBAE-281446BA0525}.Release|Any CPU.ActiveCfg = Release|Any CPU
		{2348E4B3-70CC-4A9C-BBAE-281446BA0525}.Release|Any CPU.Build.0 = Release|Any CPU
		{9517BA98-9974-46FE-A316-37F65E1D7EF4}.Debug|Any CPU.ActiveCfg = Debug|Any CPU
		{9517BA98-9974-46FE-A316-37F65E1D7EF4}.Debug|Any CPU.Build.0 = Debug|Any CPU
		{9517BA98-9974-46FE-A316-37F65E1D7EF4}.Release|Any CPU.ActiveCfg = Release|Any CPU
		{9517BA98-9974-46FE-A316-37F65E1D7EF4}.Release|Any CPU.Build.0 = Release|Any CPU
		{42F87692-0BFD-4305-BF41-6CFCB031FDDE}.Debug|Any CPU.ActiveCfg = Debug|Any CPU
		{42F87692-0BFD-4305-BF41-6CFCB031FDDE}.Debug|Any CPU.Build.0 = Debug|Any CPU
		{42F87692-0BFD-4305-BF41-6CFCB031FDDE}.Release|Any CPU.ActiveCfg = Release|Any CPU
		{42F87692-0BFD-4305-BF41-6CFCB031FDDE}.Release|Any CPU.Build.0 = Release|Any CPU
		{90EEAD83-D4BA-4960-B0E5-C5B36B96E149}.Debug|Any CPU.ActiveCfg = Debug|Any CPU
		{90EEAD83-D4BA-4960-B0E5-C5B36B96E149}.Debug|Any CPU.Build.0 = Debug|Any CPU
		{90EEAD83-D4BA-4960-B0E5-C5B36B96E149}.Release|Any CPU.ActiveCfg = Release|Any CPU
		{90EEAD83-D4BA-4960-B0E5-C5B36B96E149}.Release|Any CPU.Build.0 = Release|Any CPU
		{667D5BE9-6505-489E-A992-D6DB8727AAF7}.Debug|Any CPU.ActiveCfg = Debug|Any CPU
		{667D5BE9-6505-489E-A992-D6DB8727AAF7}.Debug|Any CPU.Build.0 = Debug|Any CPU
		{667D5BE9-6505-489E-A992-D6DB8727AAF7}.Release|Any CPU.ActiveCfg = Release|Any CPU
		{667D5BE9-6505-489E-A992-D6DB8727AAF7}.Release|Any CPU.Build.0 = Release|Any CPU
		{81D554CC-DFE1-41D7-ADA0-10F280E80FB2}.Debug|Any CPU.ActiveCfg = Debug|Any CPU
		{81D554CC-DFE1-41D7-ADA0-10F280E80FB2}.Debug|Any CPU.Build.0 = Debug|Any CPU
		{81D554CC-DFE1-41D7-ADA0-10F280E80FB2}.Release|Any CPU.ActiveCfg = Release|Any CPU
		{81D554CC-DFE1-41D7-ADA0-10F280E80FB2}.Release|Any CPU.Build.0 = Release|Any CPU
		{8D94F7B5-A1A7-4169-9236-C23EE5984916}.Debug|Any CPU.ActiveCfg = Debug|Any CPU
		{8D94F7B5-A1A7-4169-9236-C23EE5984916}.Debug|Any CPU.Build.0 = Debug|Any CPU
		{8D94F7B5-A1A7-4169-9236-C23EE5984916}.Release|Any CPU.ActiveCfg = Release|Any CPU
		{8D94F7B5-A1A7-4169-9236-C23EE5984916}.Release|Any CPU.Build.0 = Release|Any CPU
		{E9246BAE-87C6-489E-8FF6-F9D336898204}.Debug|Any CPU.ActiveCfg = Debug|Any CPU
		{E9246BAE-87C6-489E-8FF6-F9D336898204}.Debug|Any CPU.Build.0 = Debug|Any CPU
		{E9246BAE-87C6-489E-8FF6-F9D336898204}.Release|Any CPU.ActiveCfg = Release|Any CPU
		{E9246BAE-87C6-489E-8FF6-F9D336898204}.Release|Any CPU.Build.0 = Release|Any CPU
		{A5CC6C79-2C78-479C-8564-85683FBFC059}.Debug|Any CPU.ActiveCfg = Debug|Any CPU
		{A5CC6C79-2C78-479C-8564-85683FBFC059}.Debug|Any CPU.Build.0 = Debug|Any CPU
		{A5CC6C79-2C78-479C-8564-85683FBFC059}.Release|Any CPU.ActiveCfg = Release|Any CPU
		{A5CC6C79-2C78-479C-8564-85683FBFC059}.Release|Any CPU.Build.0 = Release|Any CPU
		{A3454F96-3365-4D9D-BD18-F55CB3EFFC28}.Debug|Any CPU.ActiveCfg = Debug|Any CPU
		{A3454F96-3365-4D9D-BD18-F55CB3EFFC28}.Debug|Any CPU.Build.0 = Debug|Any CPU
		{A3454F96-3365-4D9D-BD18-F55CB3EFFC28}.Release|Any CPU.ActiveCfg = Release|Any CPU
		{A3454F96-3365-4D9D-BD18-F55CB3EFFC28}.Release|Any CPU.Build.0 = Release|Any CPU
		{5D817FEC-9D9B-4D03-A346-090E24CBDAAB}.Debug|Any CPU.ActiveCfg = Debug|Any CPU
		{5D817FEC-9D9B-4D03-A346-090E24CBDAAB}.Debug|Any CPU.Build.0 = Debug|Any CPU
		{5D817FEC-9D9B-4D03-A346-090E24CBDAAB}.Release|Any CPU.ActiveCfg = Release|Any CPU
		{5D817FEC-9D9B-4D03-A346-090E24CBDAAB}.Release|Any CPU.Build.0 = Release|Any CPU
		{E660D505-BF0F-4BDF-AC3B-E6CFC68FFFD4}.Debug|Any CPU.ActiveCfg = Debug|Any CPU
		{E660D505-BF0F-4BDF-AC3B-E6CFC68FFFD4}.Debug|Any CPU.Build.0 = Debug|Any CPU
		{E660D505-BF0F-4BDF-AC3B-E6CFC68FFFD4}.Release|Any CPU.ActiveCfg = Release|Any CPU
		{E660D505-BF0F-4BDF-AC3B-E6CFC68FFFD4}.Release|Any CPU.Build.0 = Release|Any CPU
		{AAA32599-7C8D-492A-82C3-E9FC7A1B71FB}.Debug|Any CPU.ActiveCfg = Debug|Any CPU
		{AAA32599-7C8D-492A-82C3-E9FC7A1B71FB}.Debug|Any CPU.Build.0 = Debug|Any CPU
		{AAA32599-7C8D-492A-82C3-E9FC7A1B71FB}.Release|Any CPU.ActiveCfg = Release|Any CPU
		{AAA32599-7C8D-492A-82C3-E9FC7A1B71FB}.Release|Any CPU.Build.0 = Release|Any CPU
		{9280A4C2-2ABE-4D87-84F2-7902220B04C5}.Debug|Any CPU.ActiveCfg = Debug|Any CPU
		{9280A4C2-2ABE-4D87-84F2-7902220B04C5}.Debug|Any CPU.Build.0 = Debug|Any CPU
		{9280A4C2-2ABE-4D87-84F2-7902220B04C5}.Release|Any CPU.ActiveCfg = Release|Any CPU
		{9280A4C2-2ABE-4D87-84F2-7902220B04C5}.Release|Any CPU.Build.0 = Release|Any CPU
		{B6EFF5D0-1F9F-4900-B703-D3571961C0F6}.Debug|Any CPU.ActiveCfg = Debug|Any CPU
		{B6EFF5D0-1F9F-4900-B703-D3571961C0F6}.Debug|Any CPU.Build.0 = Debug|Any CPU
		{B6EFF5D0-1F9F-4900-B703-D3571961C0F6}.Release|Any CPU.ActiveCfg = Release|Any CPU
		{B6EFF5D0-1F9F-4900-B703-D3571961C0F6}.Release|Any CPU.Build.0 = Release|Any CPU
		{9F91C2AF-58A4-437C-81FE-60458B1345E9}.Debug|Any CPU.ActiveCfg = Debug|Any CPU
		{9F91C2AF-58A4-437C-81FE-60458B1345E9}.Debug|Any CPU.Build.0 = Debug|Any CPU
		{9F91C2AF-58A4-437C-81FE-60458B1345E9}.Release|Any CPU.ActiveCfg = Release|Any CPU
		{9F91C2AF-58A4-437C-81FE-60458B1345E9}.Release|Any CPU.Build.0 = Release|Any CPU
		{9090D981-3470-47A3-B43C-EFCDEA39AA83}.Debug|Any CPU.ActiveCfg = Debug|Any CPU
		{9090D981-3470-47A3-B43C-EFCDEA39AA83}.Debug|Any CPU.Build.0 = Debug|Any CPU
		{9090D981-3470-47A3-B43C-EFCDEA39AA83}.Release|Any CPU.ActiveCfg = Release|Any CPU
		{9090D981-3470-47A3-B43C-EFCDEA39AA83}.Release|Any CPU.Build.0 = Release|Any CPU
		{84375A09-613D-410A-9D14-3BCFC753D71F}.Debug|Any CPU.ActiveCfg = Debug|Any CPU
		{84375A09-613D-410A-9D14-3BCFC753D71F}.Debug|Any CPU.Build.0 = Debug|Any CPU
		{84375A09-613D-410A-9D14-3BCFC753D71F}.Release|Any CPU.ActiveCfg = Release|Any CPU
		{84375A09-613D-410A-9D14-3BCFC753D71F}.Release|Any CPU.Build.0 = Release|Any CPU
		{3BD0263F-966F-4F5F-B8A8-5C652BAFC578}.Debug|Any CPU.ActiveCfg = Debug|Any CPU
		{3BD0263F-966F-4F5F-B8A8-5C652BAFC578}.Debug|Any CPU.Build.0 = Debug|Any CPU
		{3BD0263F-966F-4F5F-B8A8-5C652BAFC578}.Release|Any CPU.ActiveCfg = Release|Any CPU
		{3BD0263F-966F-4F5F-B8A8-5C652BAFC578}.Release|Any CPU.Build.0 = Release|Any CPU
		{FCF9B936-B4E0-42A1-9081-0DC2A2DA711C}.Debug|Any CPU.ActiveCfg = Debug|Any CPU
		{FCF9B936-B4E0-42A1-9081-0DC2A2DA711C}.Debug|Any CPU.Build.0 = Debug|Any CPU
		{FCF9B936-B4E0-42A1-9081-0DC2A2DA711C}.Release|Any CPU.ActiveCfg = Release|Any CPU
		{FCF9B936-B4E0-42A1-9081-0DC2A2DA711C}.Release|Any CPU.Build.0 = Release|Any CPU
	EndGlobalSection
	GlobalSection(SolutionProperties) = preSolution
		HideSolutionNode = FALSE
	EndGlobalSection
	GlobalSection(NestedProjects) = preSolution
		{025B85D5-81FB-400A-9025-D93075846093} = {B3530AEE-9F5F-46D4-A12C-5AB6DFA01399}
		{2348E4B3-70CC-4A9C-BBAE-281446BA0525} = {B3530AEE-9F5F-46D4-A12C-5AB6DFA01399}
		{9517BA98-9974-46FE-A316-37F65E1D7EF4} = {B3530AEE-9F5F-46D4-A12C-5AB6DFA01399}
		{42F87692-0BFD-4305-BF41-6CFCB031FDDE} = {760D8B41-AACC-4CA6-8E98-9E79CE78CBE5}
		{90EEAD83-D4BA-4960-B0E5-C5B36B96E149} = {760D8B41-AACC-4CA6-8E98-9E79CE78CBE5}
		{667D5BE9-6505-489E-A992-D6DB8727AAF7} = {760D8B41-AACC-4CA6-8E98-9E79CE78CBE5}
		{81D554CC-DFE1-41D7-ADA0-10F280E80FB2} = {439C8866-5121-45EE-A88B-79535D925BA2}
		{8D94F7B5-A1A7-4169-9236-C23EE5984916} = {439C8866-5121-45EE-A88B-79535D925BA2}
		{E9246BAE-87C6-489E-8FF6-F9D336898204} = {439C8866-5121-45EE-A88B-79535D925BA2}
		{A5CC6C79-2C78-479C-8564-85683FBFC059} = {96CB3596-3B94-4CDC-96BB-0D968BE9EC3F}
		{A3454F96-3365-4D9D-BD18-F55CB3EFFC28} = {96CB3596-3B94-4CDC-96BB-0D968BE9EC3F}
		{5D817FEC-9D9B-4D03-A346-090E24CBDAAB} = {96CB3596-3B94-4CDC-96BB-0D968BE9EC3F}
		{E660D505-BF0F-4BDF-AC3B-E6CFC68FFFD4} = {E9FD1B5B-23F3-439E-B7D6-53CF6DBA610E}
		{AAA32599-7C8D-492A-82C3-E9FC7A1B71FB} = {E9FD1B5B-23F3-439E-B7D6-53CF6DBA610E}
		{9280A4C2-2ABE-4D87-84F2-7902220B04C5} = {E9FD1B5B-23F3-439E-B7D6-53CF6DBA610E}
		{B6EFF5D0-1F9F-4900-B703-D3571961C0F6} = {3ABEE9C7-21F2-4BFF-9A58-F98AC96C8860}
		{9F91C2AF-58A4-437C-81FE-60458B1345E9} = {3ABEE9C7-21F2-4BFF-9A58-F98AC96C8860}
		{9090D981-3470-47A3-B43C-EFCDEA39AA83} = {3ABEE9C7-21F2-4BFF-9A58-F98AC96C8860}
		{84375A09-613D-410A-9D14-3BCFC753D71F} = {FD7DCC22-3E31-47C0-949B-F90E1586C1FF}
		{3BD0263F-966F-4F5F-B8A8-5C652BAFC578} = {FD7DCC22-3E31-47C0-949B-F90E1586C1FF}
		{FCF9B936-B4E0-42A1-9081-0DC2A2DA711C} = {FD7DCC22-3E31-47C0-949B-F90E1586C1FF}
	EndGlobalSection
	GlobalSection(ExtensibilityGlobals) = postSolution
		SolutionGuid = {B5D830D6-9A00-43B9-B602-0C4C849F6036}
	EndGlobalSection
EndGlobal
